
Microsoft Visual Studio Solution File, Format Version 12.00
# Visual Studio 15
VisualStudioVersion = 15.0.27130.2026
MinimumVisualStudioVersion = 10.0.40219.1
Project("{FAE04EC0-301F-11D3-BF4B-00C04F79EFBC}") = "01.SortEvenNumbers", "01.SortEvenNumbers\01.SortEvenNumbers.csproj", "{BDBB8D91-F994-48C1-A3EF-8C8159A6A4C7}"
EndProject
Project("{FAE04EC0-301F-11D3-BF4B-00C04F79EFBC}") = "02.SumNumbers", "02.SumNumbers\02.SumNumbers.csproj", "{F8E72BCD-AFE6-45D7-8D2A-95AA6DEA0316}"
EndProject
Project("{FAE04EC0-301F-11D3-BF4B-00C04F79EFBC}") = "03.CountUppercaseWords", "03.CountUppercaseWords\03.CountUppercaseWords.csproj", "{ADF0A57B-07D9-4AC2-BA6E-48FC6A2568AE}"
EndProject
Project("{FAE04EC0-301F-11D3-BF4B-00C04F79EFBC}") = "04.AddVAT", "04.AddVAT\04.AddVAT.csproj", "{EAF94721-7BA0-4A29-9197-58EE86D9076A}"
EndProject
Project("{FAE04EC0-301F-11D3-BF4B-00C04F79EFBC}") = "05.FilterByAge", "05.FilterByAge\05.FilterByAge.csproj", "{A29AAB72-DC7E-43B3-A3B8-16A88BF038F9}"
EndProject
Global
	GlobalSection(SolutionConfigurationPlatforms) = preSolution
		Debug|Any CPU = Debug|Any CPU
		Release|Any CPU = Release|Any CPU
	EndGlobalSection
	GlobalSection(ProjectConfigurationPlatforms) = postSolution
		{BDBB8D91-F994-48C1-A3EF-8C8159A6A4C7}.Debug|Any CPU.ActiveCfg = Debug|Any CPU
		{BDBB8D91-F994-48C1-A3EF-8C8159A6A4C7}.Debug|Any CPU.Build.0 = Debug|Any CPU
		{BDBB8D91-F994-48C1-A3EF-8C8159A6A4C7}.Release|Any CPU.ActiveCfg = Release|Any CPU
		{BDBB8D91-F994-48C1-A3EF-8C8159A6A4C7}.Release|Any CPU.Build.0 = Release|Any CPU
		{F8E72BCD-AFE6-45D7-8D2A-95AA6DEA0316}.Debug|Any CPU.ActiveCfg = Debug|Any CPU
		{F8E72BCD-AFE6-45D7-8D2A-95AA6DEA0316}.Debug|Any CPU.Build.0 = Debug|Any CPU
		{F8E72BCD-AFE6-45D7-8D2A-95AA6DEA0316}.Release|Any CPU.ActiveCfg = Release|Any CPU
		{F8E72BCD-AFE6-45D7-8D2A-95AA6DEA0316}.Release|Any CPU.Build.0 = Release|Any CPU
		{ADF0A57B-07D9-4AC2-BA6E-48FC6A2568AE}.Debug|Any CPU.ActiveCfg = Debug|Any CPU
		{ADF0A57B-07D9-4AC2-BA6E-48FC6A2568AE}.Debug|Any CPU.Build.0 = Debug|Any CPU
		{ADF0A57B-07D9-4AC2-BA6E-48FC6A2568AE}.Release|Any CPU.ActiveCfg = Release|Any CPU
		{ADF0A57B-07D9-4AC2-BA6E-48FC6A2568AE}.Release|Any CPU.Build.0 = Release|Any CPU
		{EAF94721-7BA0-4A29-9197-58EE86D9076A}.Debug|Any CPU.ActiveCfg = Debug|Any CPU
		{EAF94721-7BA0-4A29-9197-58EE86D9076A}.Debug|Any CPU.Build.0 = Debug|Any CPU
		{EAF94721-7BA0-4A29-9197-58EE86D9076A}.Release|Any CPU.ActiveCfg = Release|Any CPU
		{EAF94721-7BA0-4A29-9197-58EE86D9076A}.Release|Any CPU.Build.0 = Release|Any CPU
		{A29AAB72-DC7E-43B3-A3B8-16A88BF038F9}.Debug|Any CPU.ActiveCfg = Debug|Any CPU
		{A29AAB72-DC7E-43B3-A3B8-16A88BF038F9}.Debug|Any CPU.Build.0 = Debug|Any CPU
		{A29AAB72-DC7E-43B3-A3B8-16A88BF038F9}.Release|Any CPU.ActiveCfg = Release|Any CPU
		{A29AAB72-DC7E-43B3-A3B8-16A88BF038F9}.Release|Any CPU.Build.0 = Release|Any CPU
	EndGlobalSection
	GlobalSection(SolutionProperties) = preSolution
		HideSolutionNode = FALSE
	EndGlobalSection
	GlobalSection(ExtensibilityGlobals) = postSolution
		SolutionGuid = {674CC23C-E6C0-4314-9F85-A3D200F8217A}
	EndGlobalSection
EndGlobal
